// !$*UTF8*$!
{
	archiveVersion = 1;
	classes = {
	};
	objectVersion = 56;
	objects = {

/* Begin PBXBuildFile section */
		1049D9012B7D3FEE003CA076 /* CircleGroupView.swift in Sources */ = {isa = PBXBuildFile; fileRef = 1049D9002B7D3FEE003CA076 /* CircleGroupView.swift */; };
		1049D9032B7D6C71003CA076 /* PlaySound.swift in Sources */ = {isa = PBXBuildFile; fileRef = 1049D9022B7D6C71003CA076 /* PlaySound.swift */; };
		1052FCBE2B7C015300AF4E0C /* Onboarding.swift in Sources */ = {isa = PBXBuildFile; fileRef = 1052FCBD2B7C015300AF4E0C /* Onboarding.swift */; };
		1052FCC02B7C016200AF4E0C /* Home.swift in Sources */ = {isa = PBXBuildFile; fileRef = 1052FCBF2B7C016200AF4E0C /* Home.swift */; };
		10E8427C2B7978F40086E4F5 /* Care_LoveApp.swift in Sources */ = {isa = PBXBuildFile; fileRef = 10E8427B2B7978F40086E4F5 /* Care_LoveApp.swift */; };
		10E8427E2B7978F40086E4F5 /* ContentView.swift in Sources */ = {isa = PBXBuildFile; fileRef = 10E8427D2B7978F40086E4F5 /* ContentView.swift */; };
		10E842802B7978F60086E4F5 /* Assets.xcassets in Resources */ = {isa = PBXBuildFile; fileRef = 10E8427F2B7978F60086E4F5 /* Assets.xcassets */; };
		10E842832B7978F60086E4F5 /* Preview Assets.xcassets in Resources */ = {isa = PBXBuildFile; fileRef = 10E842822B7978F60086E4F5 /* Preview Assets.xcassets */; };
		10E8428B2B797BE80086E4F5 /* success.m4a in Resources */ = {isa = PBXBuildFile; fileRef = 10E842892B797BE80086E4F5 /* success.m4a */; };
		10E8428C2B797BE80086E4F5 /* chimeup.mp3 in Resources */ = {isa = PBXBuildFile; fileRef = 10E8428A2B797BE80086E4F5 /* chimeup.mp3 */; };
/* End PBXBuildFile section */

/* Begin PBXFileReference section */
		1049D9002B7D3FEE003CA076 /* CircleGroupView.swift */ = {isa = PBXFileReference; lastKnownFileType = sourcecode.swift; path = CircleGroupView.swift; sourceTree = "<group>"; };
		1049D9022B7D6C71003CA076 /* PlaySound.swift */ = {isa = PBXFileReference; lastKnownFileType = sourcecode.swift; path = PlaySound.swift; sourceTree = "<group>"; };
		1052FCBD2B7C015300AF4E0C /* Onboarding.swift */ = {isa = PBXFileReference; lastKnownFileType = sourcecode.swift; path = Onboarding.swift; sourceTree = "<group>"; };
		1052FCBF2B7C016200AF4E0C /* Home.swift */ = {isa = PBXFileReference; lastKnownFileType = sourcecode.swift; path = Home.swift; sourceTree = "<group>"; };
		10E842782B7978F40086E4F5 /* Care&Love.app */ = {isa = PBXFileReference; explicitFileType = wrapper.application; includeInIndex = 0; path = "Care&Love.app"; sourceTree = BUILT_PRODUCTS_DIR; };
		10E8427B2B7978F40086E4F5 /* Care_LoveApp.swift */ = {isa = PBXFileReference; lastKnownFileType = sourcecode.swift; path = Care_LoveApp.swift; sourceTree = "<group>"; };
		10E8427D2B7978F40086E4F5 /* ContentView.swift */ = {isa = PBXFileReference; lastKnownFileType = sourcecode.swift; path = ContentView.swift; sourceTree = "<group>"; };
		10E8427F2B7978F60086E4F5 /* Assets.xcassets */ = {isa = PBXFileReference; lastKnownFileType = folder.assetcatalog; path = Assets.xcassets; sourceTree = "<group>"; };
		10E842822B7978F60086E4F5 /* Preview Assets.xcassets */ = {isa = PBXFileReference; lastKnownFileType = folder.assetcatalog; path = "Preview Assets.xcassets"; sourceTree = "<group>"; };
		10E842892B797BE80086E4F5 /* success.m4a */ = {isa = PBXFileReference; lastKnownFileType = file; path = success.m4a; sourceTree = "<group>"; };
		10E8428A2B797BE80086E4F5 /* chimeup.mp3 */ = {isa = PBXFileReference; lastKnownFileType = audio.mp3; path = chimeup.mp3; sourceTree = "<group>"; };
/* End PBXFileReference section */

/* Begin PBXFrameworksBuildPhase section */
		10E842752B7978F40086E4F5 /* Frameworks */ = {
			isa = PBXFrameworksBuildPhase;
			buildActionMask = 2147483647;
			files = (
			);
			runOnlyForDeploymentPostprocessing = 0;
		};
/* End PBXFrameworksBuildPhase section */

/* Begin PBXGroup section */
		10E8426F2B7978F40086E4F5 = {
			isa = PBXGroup;
			children = (
				10E8427A2B7978F40086E4F5 /* Care&Love */,
				10E842792B7978F40086E4F5 /* Products */,
			);
			sourceTree = "<group>";
		};
		10E842792B7978F40086E4F5 /* Products */ = {
			isa = PBXGroup;
			children = (
				10E842782B7978F40086E4F5 /* Care&Love.app */,
			);
			name = Products;
			sourceTree = "<group>";
		};
		10E8427A2B7978F40086E4F5 /* Care&Love */ = {
			isa = PBXGroup;
			children = (
				10E842902B797E330086E4F5 /* Utilites */,
				10E8428F2B797DF80086E4F5 /* Components */,
				10E8428E2B797DEA0086E4F5 /* Screen */,
				10E8428D2B797DD50086E4F5 /* Sounds */,
				10E8427F2B7978F60086E4F5 /* Assets.xcassets */,
				10E842812B7978F60086E4F5 /* Preview Content */,
			);
			path = "Care&Love";
			sourceTree = "<group>";
		};
		10E842812B7978F60086E4F5 /* Preview Content */ = {
			isa = PBXGroup;
			children = (
				10E842822B7978F60086E4F5 /* Preview Assets.xcassets */,
			);
			path = "Preview Content";
			sourceTree = "<group>";
		};
		10E8428D2B797DD50086E4F5 /* Sounds */ = {
			isa = PBXGroup;
			children = (
				10E8428A2B797BE80086E4F5 /* chimeup.mp3 */,
				10E842892B797BE80086E4F5 /* success.m4a */,
			);
			name = Sounds;
			sourceTree = "<group>";
		};
		10E8428E2B797DEA0086E4F5 /* Screen */ = {
			isa = PBXGroup;
			children = (
				10E8427B2B7978F40086E4F5 /* Care_LoveApp.swift */,
				10E8427D2B7978F40086E4F5 /* ContentView.swift */,
				1052FCBD2B7C015300AF4E0C /* Onboarding.swift */,
				1052FCBF2B7C016200AF4E0C /* Home.swift */,
			);
			name = Screen;
			sourceTree = "<group>";
		};
		10E8428F2B797DF80086E4F5 /* Components */ = {
			isa = PBXGroup;
			children = (
				1049D9002B7D3FEE003CA076 /* CircleGroupView.swift */,
			);
			path = Components;
			sourceTree = "<group>";
		};
		10E842902B797E330086E4F5 /* Utilites */ = {
			isa = PBXGroup;
			children = (
				1049D9022B7D6C71003CA076 /* PlaySound.swift */,
			);
			name = Utilites;
			sourceTree = "<group>";
		};
/* End PBXGroup section */

/* Begin PBXNativeTarget section */
		10E842772B7978F40086E4F5 /* Care&Love */ = {
			isa = PBXNativeTarget;
			buildConfigurationList = 10E842862B7978F60086E4F5 /* Build configuration list for PBXNativeTarget "Care&Love" */;
			buildPhases = (
				10E842742B7978F40086E4F5 /* Sources */,
				10E842752B7978F40086E4F5 /* Frameworks */,
				10E842762B7978F40086E4F5 /* Resources */,
			);
			buildRules = (
			);
			dependencies = (
			);
			name = "Care&Love";
			productName = "Care&Love";
			productReference = 10E842782B7978F40086E4F5 /* Care&Love.app */;
			productType = "com.apple.product-type.application";
		};
/* End PBXNativeTarget section */

/* Begin PBXProject section */
		10E842702B7978F40086E4F5 /* Project object */ = {
			isa = PBXProject;
			attributes = {
				BuildIndependentTargetsInParallel = 1;
				LastSwiftUpdateCheck = 1520;
				LastUpgradeCheck = 1520;
				TargetAttributes = {
					10E842772B7978F40086E4F5 = {
						CreatedOnToolsVersion = 15.2;
					};
				};
			};
			buildConfigurationList = 10E842732B7978F40086E4F5 /* Build configuration list for PBXProject "Care&Love" */;
			compatibilityVersion = "Xcode 14.0";
			developmentRegion = en;
			hasScannedForEncodings = 0;
			knownRegions = (
				en,
				Base,
			);
			mainGroup = 10E8426F2B7978F40086E4F5;
			productRefGroup = 10E842792B7978F40086E4F5 /* Products */;
			projectDirPath = "";
			projectRoot = "";
			targets = (
				10E842772B7978F40086E4F5 /* Care&Love */,
			);
		};
/* End PBXProject section */

/* Begin PBXResourcesBuildPhase section */
		10E842762B7978F40086E4F5 /* Resources */ = {
			isa = PBXResourcesBuildPhase;
			buildActionMask = 2147483647;
			files = (
				10E8428C2B797BE80086E4F5 /* chimeup.mp3 in Resources */,
				10E842832B7978F60086E4F5 /* Preview Assets.xcassets in Resources */,
				10E8428B2B797BE80086E4F5 /* success.m4a in Resources */,
				10E842802B7978F60086E4F5 /* Assets.xcassets in Resources */,
			);
			runOnlyForDeploymentPostprocessing = 0;
		};
/* End PBXResourcesBuildPhase section */

/* Begin PBXSourcesBuildPhase section */
		10E842742B7978F40086E4F5 /* Sources */ = {
			isa = PBXSourcesBuildPhase;
			buildActionMask = 2147483647;
			files = (
				1049D9012B7D3FEE003CA076 /* CircleGroupView.swift in Sources */,
				1049D9032B7D6C71003CA076 /* PlaySound.swift in Sources */,
				1052FCBE2B7C015300AF4E0C /* Onboarding.swift in Sources */,
				10E8427E2B7978F40086E4F5 /* ContentView.swift in Sources */,
				1052FCC02B7C016200AF4E0C /* Home.swift in Sources */,
				10E8427C2B7978F40086E4F5 /* Care_LoveApp.swift in Sources */,
			);
			runOnlyForDeploymentPostprocessing = 0;
		};
/* End PBXSourcesBuildPhase section */

/* Begin XCBuildConfiguration section */
		10E842842B7978F60086E4F5 /* Debug */ = {
			isa = XCBuildConfiguration;
			buildSettings = {
				ALWAYS_SEARCH_USER_PATHS = NO;
				ASSETCATALOG_COMPILER_GENERATE_SWIFT_ASSET_SYMBOL_EXTENSIONS = YES;
				CLANG_ANALYZER_NONNULL = YES;
				CLANG_ANALYZER_NUMBER_OBJECT_CONVERSION = YES_AGGRESSIVE;
				CLANG_CXX_LANGUAGE_STANDARD = "gnu++20";
				CLANG_ENABLE_MODULES = YES;
				CLANG_ENABLE_OBJC_ARC = YES;
				CLANG_ENABLE_OBJC_WEAK = YES;
				CLANG_WARN_BLOCK_CAPTURE_AUTORELEASING = YES;
				CLANG_WARN_BOOL_CONVERSION = YES;
				CLANG_WARN_COMMA = YES;
				CLANG_WARN_CONSTANT_CONVERSION = YES;
				CLANG_WARN_DEPRECATED_OBJC_IMPLEMENTATIONS = YES;
				CLANG_WARN_DIRECT_OBJC_ISA_USAGE = YES_ERROR;
				CLANG_WARN_DOCUMENTATION_COMMENTS = YES;
				CLANG_WARN_EMPTY_BODY = YES;
				CLANG_WARN_ENUM_CONVERSION = YES;
				CLANG_WARN_INFINITE_RECURSION = YES;
				CLANG_WARN_INT_CONVERSION = YES;
				CLANG_WARN_NON_LITERAL_NULL_CONVERSION = YES;
				CLANG_WARN_OBJC_IMPLICIT_RETAIN_SELF = YES;
				CLANG_WARN_OBJC_LITERAL_CONVERSION = YES;
				CLANG_WARN_OBJC_ROOT_CLASS = YES_ERROR;
				CLANG_WARN_QUOTED_INCLUDE_IN_FRAMEWORK_HEADER = YES;
				CLANG_WARN_RANGE_LOOP_ANALYSIS = YES;
				CLANG_WARN_STRICT_PROTOTYPES = YES;
				CLANG_WARN_SUSPICIOUS_MOVE = YES;
				CLANG_WARN_UNGUARDED_AVAILABILITY = YES_AGGRESSIVE;
				CLANG_WARN_UNREACHABLE_CODE = YES;
				CLANG_WARN__DUPLICATE_METHOD_MATCH = YES;
				COPY_PHASE_STRIP = NO;
				DEBUG_INFORMATION_FORMAT = dwarf;
				ENABLE_STRICT_OBJC_MSGSEND = YES;
				ENABLE_TESTABILITY = YES;
				ENABLE_USER_SCRIPT_SANDBOXING = YES;
				GCC_C_LANGUAGE_STANDARD = gnu17;
				GCC_DYNAMIC_NO_PIC = NO;
				GCC_NO_COMMON_BLOCKS = YES;
				GCC_OPTIMIZATION_LEVEL = 0;
				GCC_PREPROCESSOR_DEFINITIONS = (
					"DEBUG=1",
					"$(inherited)",
				);
				GCC_WARN_64_TO_32_BIT_CONVERSION = YES;
				GCC_WARN_ABOUT_RETURN_TYPE = YES_ERROR;
				GCC_WARN_UNDECLARED_SELECTOR = YES;
				GCC_WARN_UNINITIALIZED_AUTOS = YES_AGGRESSIVE;
				GCC_WARN_UNUSED_FUNCTION = YES;
				GCC_WARN_UNUSED_VARIABLE = YES;
				IPHONEOS_DEPLOYMENT_TARGET = 17.2;
				LOCALIZATION_PREFERS_STRING_CATALOGS = YES;
				MTL_ENABLE_DEBUG_INFO = INCLUDE_SOURCE;
				MTL_FAST_MATH = YES;
				ONLY_ACTIVE_ARCH = YES;
				SDKROOT = iphoneos;
				SWIFT_ACTIVE_COMPILATION_CONDITIONS = "DEBUG $(inherited)";
				SWIFT_OPTIMIZATION_LEVEL = "-Onone";
			};
			name = Debug;
		};
		10E842852B7978F60086E4F5 /* Release */ = {
			isa = XCBuildConfiguration;
			buildSettings = {
				ALWAYS_SEARCH_USER_PATHS = NO;
				ASSETCATALOG_COMPILER_GENERATE_SWIFT_ASSET_SYMBOL_EXTENSIONS = YES;
				CLANG_ANALYZER_NONNULL = YES;
				CLANG_ANALYZER_NUMBER_OBJECT_CONVERSION = YES_AGGRESSIVE;
				CLANG_CXX_LANGUAGE_STANDARD = "gnu++20";
				CLANG_ENABLE_MODULES = YES;
				CLANG_ENABLE_OBJC_ARC = YES;
				CLANG_ENABLE_OBJC_WEAK = YES;
				CLANG_WARN_BLOCK_CAPTURE_AUTORELEASING = YES;
				CLANG_WARN_BOOL_CONVERSION = YES;
				CLANG_WARN_COMMA = YES;
				CLANG_WARN_CONSTANT_CONVERSION = YES;
				CLANG_WARN_DEPRECATED_OBJC_IMPLEMENTATIONS = YES;
				CLANG_WARN_DIRECT_OBJC_ISA_USAGE = YES_ERROR;
				CLANG_WARN_DOCUMENTATION_COMMENTS = YES;
				CLANG_WARN_EMPTY_BODY = YES;
				CLANG_WARN_ENUM_CONVERSION = YES;
				CLANG_WARN_INFINITE_RECURSION = YES;
				CLANG_WARN_INT_CONVERSION = YES;
				CLANG_WARN_NON_LITERAL_NULL_CONVERSION = YES;
				CLANG_WARN_OBJC_IMPLICIT_RETAIN_SELF = YES;
				CLANG_WARN_OBJC_LITERAL_CONVERSION = YES;
				CLANG_WARN_OBJC_ROOT_CLASS = YES_ERROR;
				CLANG_WARN_QUOTED_INCLUDE_IN_FRAMEWORK_HEADER = YES;
				CLANG_WARN_RANGE_LOOP_ANALYSIS = YES;
				CLANG_WARN_STRICT_PROTOTYPES = YES;
				CLANG_WARN_SUSPICIOUS_MOVE = YES;
				CLANG_WARN_UNGUARDED_AVAILABILITY = YES_AGGRESSIVE;
				CLANG_WARN_UNREACHABLE_CODE = YES;
				CLANG_WARN__DUPLICATE_METHOD_MATCH = YES;
				COPY_PHASE_STRIP = NO;
				DEBUG_INFORMATION_FORMAT = "dwarf-with-dsym";
				ENABLE_NS_ASSERTIONS = NO;
				ENABLE_STRICT_OBJC_MSGSEND = YES;
				ENABLE_USER_SCRIPT_SANDBOXING = YES;
				GCC_C_LANGUAGE_STANDARD = gnu17;
				GCC_NO_COMMON_BLOCKS = YES;
				GCC_WARN_64_TO_32_BIT_CONVERSION = YES;
				GCC_WARN_ABOUT_RETURN_TYPE = YES_ERROR;
				GCC_WARN_UNDECLARED_SELECTOR = YES;
				GCC_WARN_UNINITIALIZED_AUTOS = YES_AGGRESSIVE;
				GCC_WARN_UNUSED_FUNCTION = YES;
				GCC_WARN_UNUSED_VARIABLE = YES;
				IPHONEOS_DEPLOYMENT_TARGET = 17.2;
				LOCALIZATION_PREFERS_STRING_CATALOGS = YES;
				MTL_ENABLE_DEBUG_INFO = NO;
				MTL_FAST_MATH = YES;
				SDKROOT = iphoneos;
				SWIFT_COMPILATION_MODE = wholemodule;
				VALIDATE_PRODUCT = YES;
			};
			name = Release;
		};
		10E842872B7978F60086E4F5 /* Debug */ = {
			isa = XCBuildConfiguration;
			buildSettings = {
				ASSETCATALOG_COMPILER_APPICON_NAME = AppIcon;
				ASSETCATALOG_COMPILER_GLOBAL_ACCENT_COLOR_NAME = AccentColor;
				CODE_SIGN_STYLE = Automatic;
				CURRENT_PROJECT_VERSION = 1;
				DEVELOPMENT_ASSET_PATHS = "\"Care&Love/Preview Content\"";
				DEVELOPMENT_TEAM = 5R2Z9F2376;
				ENABLE_PREVIEWS = YES;
				GENERATE_INFOPLIST_FILE = YES;
				INFOPLIST_KEY_UIApplicationSceneManifest_Generation = YES;
				INFOPLIST_KEY_UIApplicationSupportsIndirectInputEvents = YES;
				INFOPLIST_KEY_UILaunchScreen_Generation = YES;
				INFOPLIST_KEY_UISupportedInterfaceOrientations = UIInterfaceOrientationPortrait;
				INFOPLIST_KEY_UISupportedInterfaceOrientations_iPad = "UIInterfaceOrientationLandscapeLeft UIInterfaceOrientationLandscapeRight UIInterfaceOrientationPortrait UIInterfaceOrientationPortraitUpsideDown";
				LD_RUNPATH_SEARCH_PATHS = (
					"$(inherited)",
					"@executable_path/Frameworks",
				);
				MARKETING_VERSION = 1.0;
				PRODUCT_BUNDLE_IDENTIFIER = "com.elimone.Care-Love";
				PRODUCT_NAME = "$(TARGET_NAME)";
				SWIFT_EMIT_LOC_STRINGS = YES;
				SWIFT_VERSION = 5.0;
				TARGETED_DEVICE_FAMILY = "1,2";
			};
			name = Debug;
		};
		10E842882B7978F60086E4F5 /* Release */ = {
			isa = XCBuildConfiguration;
			buildSettings = {
				ASSETCATALOG_COMPILER_APPICON_NAME = AppIcon;
				ASSETCATALOG_COMPILER_GLOBAL_ACCENT_COLOR_NAME = AccentColor;
				CODE_SIGN_STYLE = Automatic;
				CURRENT_PROJECT_VERSION = 1;
				DEVELOPMENT_ASSET_PATHS = "\"Care&Love/Preview Content\"";
				DEVELOPMENT_TEAM = 5R2Z9F2376;
				ENABLE_PREVIEWS = YES;
				GENERATE_INFOPLIST_FILE = YES;
				INFOPLIST_KEY_UIApplicationSceneManifest_Generation = YES;
				INFOPLIST_KEY_UIApplicationSupportsIndirectInputEvents = YES;
				INFOPLIST_KEY_UILaunchScreen_Generation = YES;
				INFOPLIST_KEY_UISupportedInterfaceOrientations = UIInterfaceOrientationPortrait;
				INFOPLIST_KEY_UISupportedInterfaceOrientations_iPad = "UIInterfaceOrientationLandscapeLeft UIInterfaceOrientationLandscapeRight UIInterfaceOrientationPortrait UIInterfaceOrientationPortraitUpsideDown";
				LD_RUNPATH_SEARCH_PATHS = (
					"$(inherited)",
					"@executable_path/Frameworks",
				);
				MARKETING_VERSION = 1.0;
				PRODUCT_BUNDLE_IDENTIFIER = "com.elimone.Care-Love";
				PRODUCT_NAME = "$(TARGET_NAME)";
				SWIFT_EMIT_LOC_STRINGS = YES;
				SWIFT_VERSION = 5.0;
				TARGETED_DEVICE_FAMILY = "1,2";
			};
			name = Release;
		};
/* End XCBuildConfiguration section */

/* Begin XCConfigurationList section */
		10E842732B7978F40086E4F5 /* Build configuration list for PBXProject "Care&Love" */ = {
			isa = XCConfigurationList;
			buildConfigurations = (
				10E842842B7978F60086E4F5 /* Debug */,
				10E842852B7978F60086E4F5 /* Release */,
			);
			defaultConfigurationIsVisible = 0;
			defaultConfigurationName = Release;
		};
		10E842862B7978F60086E4F5 /* Build configuration list for PBXNativeTarget "Care&Love" */ = {
			isa = XCConfigurationList;
			buildConfigurations = (
				10E842872B7978F60086E4F5 /* Debug */,
				10E842882B7978F60086E4F5 /* Release */,
			);
			defaultConfigurationIsVisible = 0;
			defaultConfigurationName = Release;
		};
/* End XCConfigurationList section */
	};
	rootObject = 10E842702B7978F40086E4F5 /* Project object */;
}
